
Microsoft Visual Studio Solution File, Format Version 12.00
# Visual Studio Version 17
VisualStudioVersion = 17.3.32819.101
MinimumVisualStudioVersion = 10.0.40219.1
Project("{FAE04EC0-301F-11D3-BF4B-00C04F79EFBC}") = "ex003", "ex003\ex003.csproj", "{71FB424E-EAB2-4DB3-95FB-50291348629C}"
EndProject
Global
	GlobalSection(SolutionConfigurationPlatforms) = preSolution
		Debug|Any CPU = Debug|Any CPU
		Release|Any CPU = Release|Any CPU
	EndGlobalSection
	GlobalSection(ProjectConfigurationPlatforms) = postSolution
		{71FB424E-EAB2-4DB3-95FB-50291348629C}.Debug|Any CPU.ActiveCfg = Debug|Any CPU
		{71FB424E-EAB2-4DB3-95FB-50291348629C}.Debug|Any CPU.Build.0 = Debug|Any CPU
		{71FB424E-EAB2-4DB3-95FB-50291348629C}.Release|Any CPU.ActiveCfg = Release|Any CPU
		{71FB424E-EAB2-4DB3-95FB-50291348629C}.Release|Any CPU.Build.0 = Release|Any CPU
	EndGlobalSection
	GlobalSection(SolutionProperties) = preSolution
		HideSolutionNode = FALSE
	EndGlobalSection
	GlobalSection(ExtensibilityGlobals) = postSolution
		SolutionGuid = {DD08E1E9-2D97-483D-9D36-D66F3DC3AD48}
	EndGlobalSection
EndGlobal
