
Microsoft Visual Studio Solution File, Format Version 12.00
# Visual Studio Version 17
VisualStudioVersion = 17.3.32819.101
MinimumVisualStudioVersion = 10.0.40219.1
Project("{FAE04EC0-301F-11D3-BF4B-00C04F79EFBC}") = "ex001", "ex001\ex001.csproj", "{4D88DF61-10AF-483F-9BAA-CAFF864862FC}"
EndProject
Global
	GlobalSection(SolutionConfigurationPlatforms) = preSolution
		Debug|Any CPU = Debug|Any CPU
		Release|Any CPU = Release|Any CPU
	EndGlobalSection
	GlobalSection(ProjectConfigurationPlatforms) = postSolution
		{4D88DF61-10AF-483F-9BAA-CAFF864862FC}.Debug|Any CPU.ActiveCfg = Debug|Any CPU
		{4D88DF61-10AF-483F-9BAA-CAFF864862FC}.Debug|Any CPU.Build.0 = Debug|Any CPU
		{4D88DF61-10AF-483F-9BAA-CAFF864862FC}.Release|Any CPU.ActiveCfg = Release|Any CPU
		{4D88DF61-10AF-483F-9BAA-CAFF864862FC}.Release|Any CPU.Build.0 = Release|Any CPU
	EndGlobalSection
	GlobalSection(SolutionProperties) = preSolution
		HideSolutionNode = FALSE
	EndGlobalSection
	GlobalSection(ExtensibilityGlobals) = postSolution
		SolutionGuid = {CFA48A64-1DBC-4DB4-8968-AD4915B3F880}
	EndGlobalSection
EndGlobal
