
Microsoft Visual Studio Solution File, Format Version 12.00
# Visual Studio Version 17
VisualStudioVersion = 17.3.32819.101
MinimumVisualStudioVersion = 10.0.40219.1
Project("{FAE04EC0-301F-11D3-BF4B-00C04F79EFBC}") = "ex002", "ex002\ex002.csproj", "{AD374091-195D-4F9F-8661-821A33570FDA}"
EndProject
Global
	GlobalSection(SolutionConfigurationPlatforms) = preSolution
		Debug|Any CPU = Debug|Any CPU
		Release|Any CPU = Release|Any CPU
	EndGlobalSection
	GlobalSection(ProjectConfigurationPlatforms) = postSolution
		{AD374091-195D-4F9F-8661-821A33570FDA}.Debug|Any CPU.ActiveCfg = Debug|Any CPU
		{AD374091-195D-4F9F-8661-821A33570FDA}.Debug|Any CPU.Build.0 = Debug|Any CPU
		{AD374091-195D-4F9F-8661-821A33570FDA}.Release|Any CPU.ActiveCfg = Release|Any CPU
		{AD374091-195D-4F9F-8661-821A33570FDA}.Release|Any CPU.Build.0 = Release|Any CPU
	EndGlobalSection
	GlobalSection(SolutionProperties) = preSolution
		HideSolutionNode = FALSE
	EndGlobalSection
	GlobalSection(ExtensibilityGlobals) = postSolution
		SolutionGuid = {4EDCFC03-5312-4A31-8DAF-3FCA26A9766A}
	EndGlobalSection
EndGlobal
